
Microsoft Visual Studio Solution File, Format Version 12.00
# Visual Studio Version 16
VisualStudioVersion = 16.0.29806.167
MinimumVisualStudioVersion = 10.0.40219.1
Project("{2150E333-8FDC-42A3-9474-1A3956D46DE8}") = "3 Domain", "3 Domain", "{D121FB12-A295-4AF3-83B2-E7DC92D06B53}"
EndProject
Project("{2150E333-8FDC-42A3-9474-1A3956D46DE8}") = "1 Presentation", "1 Presentation", "{F7878853-1A62-47A9-AC09-F8FC60397248}"
EndProject
Project("{FAE04EC0-301F-11D3-BF4B-00C04F79EFBC}") = "Webhook", "Webhook\Webhook.csproj", "{A1FB1C33-4696-4297-BBA4-4D32F6F1F117}"
EndProject
Project("{2150E333-8FDC-42A3-9474-1A3956D46DE8}") = "2 Application", "2 Application", "{D1D1FD6E-7C68-4439-A6D6-0D2066DB9A98}"
EndProject
Project("{FAE04EC0-301F-11D3-BF4B-00C04F79EFBC}") = "Application", "Application\Application.csproj", "{26DFEB4E-77C6-4622-A05C-D514B9E54569}"
EndProject
Project("{2150E333-8FDC-42A3-9474-1A3956D46DE8}") = "4 Infrastructure", "4 Infrastructure", "{1F568AB8-05E0-4D1D-8F13-A204E96861C5}"
EndProject
Project("{FAE04EC0-301F-11D3-BF4B-00C04F79EFBC}") = "DataAccess", "DataAccess\DataAccess.csproj", "{FF08575A-D06D-4315-9B19-9574E4995C41}"
EndProject
Project("{FAE04EC0-301F-11D3-BF4B-00C04F79EFBC}") = "DataAccess.Tests", "DataAccess.Tests\DataAccess.Tests.csproj", "{2418B183-D174-4CA7-A7F1-393D8F2E39B2}"
EndProject
Project("{FAE04EC0-301F-11D3-BF4B-00C04F79EFBC}") = "Domain.Tests", "Domain.Tests\Domain.Tests.csproj", "{22A5C21F-69EF-4FE5-AC5A-5450E06B49D3}"
EndProject
Project("{FAE04EC0-301F-11D3-BF4B-00C04F79EFBC}") = "Domain", "Domain\Domain.csproj", "{09A58B84-B69D-4BA9-AB57-9ECEE7CEAC77}"
EndProject
Project("{FAE04EC0-301F-11D3-BF4B-00C04F79EFBC}") = "CrossCutting", "CrossCutting\CrossCutting.csproj", "{E0353356-13F2-4A26-ADB1-B49FCDE2F8E7}"
EndProject
Project("{FAE04EC0-301F-11D3-BF4B-00C04F79EFBC}") = "Application.Tests", "Application.Tests\Application.Tests.csproj", "{28D54B1D-78DC-4F71-96A1-F3A0E685FD0F}"
EndProject
Project("{FAE04EC0-301F-11D3-BF4B-00C04F79EFBC}") = "CrossCuttingTests", "CrossCuttingTests\CrossCuttingTests.csproj", "{C5603B82-6A58-426A-91BA-B3539C254B06}"
EndProject
Global
	GlobalSection(SolutionConfigurationPlatforms) = preSolution
		Debug|Any CPU = Debug|Any CPU
		Release|Any CPU = Release|Any CPU
	EndGlobalSection
	GlobalSection(ProjectConfigurationPlatforms) = postSolution
		{A1FB1C33-4696-4297-BBA4-4D32F6F1F117}.Debug|Any CPU.ActiveCfg = Debug|Any CPU
		{A1FB1C33-4696-4297-BBA4-4D32F6F1F117}.Debug|Any CPU.Build.0 = Debug|Any CPU
		{A1FB1C33-4696-4297-BBA4-4D32F6F1F117}.Release|Any CPU.ActiveCfg = Release|Any CPU
		{A1FB1C33-4696-4297-BBA4-4D32F6F1F117}.Release|Any CPU.Build.0 = Release|Any CPU
		{26DFEB4E-77C6-4622-A05C-D514B9E54569}.Debug|Any CPU.ActiveCfg = Debug|Any CPU
		{26DFEB4E-77C6-4622-A05C-D514B9E54569}.Debug|Any CPU.Build.0 = Debug|Any CPU
		{26DFEB4E-77C6-4622-A05C-D514B9E54569}.Release|Any CPU.ActiveCfg = Release|Any CPU
		{26DFEB4E-77C6-4622-A05C-D514B9E54569}.Release|Any CPU.Build.0 = Release|Any CPU
		{FF08575A-D06D-4315-9B19-9574E4995C41}.Debug|Any CPU.ActiveCfg = Debug|Any CPU
		{FF08575A-D06D-4315-9B19-9574E4995C41}.Debug|Any CPU.Build.0 = Debug|Any CPU
		{FF08575A-D06D-4315-9B19-9574E4995C41}.Release|Any CPU.ActiveCfg = Release|Any CPU
		{FF08575A-D06D-4315-9B19-9574E4995C41}.Release|Any CPU.Build.0 = Release|Any CPU
		{2418B183-D174-4CA7-A7F1-393D8F2E39B2}.Debug|Any CPU.ActiveCfg = Debug|Any CPU
		{2418B183-D174-4CA7-A7F1-393D8F2E39B2}.Debug|Any CPU.Build.0 = Debug|Any CPU
		{2418B183-D174-4CA7-A7F1-393D8F2E39B2}.Release|Any CPU.ActiveCfg = Release|Any CPU
		{2418B183-D174-4CA7-A7F1-393D8F2E39B2}.Release|Any CPU.Build.0 = Release|Any CPU
		{22A5C21F-69EF-4FE5-AC5A-5450E06B49D3}.Debug|Any CPU.ActiveCfg = Debug|Any CPU
		{22A5C21F-69EF-4FE5-AC5A-5450E06B49D3}.Debug|Any CPU.Build.0 = Debug|Any CPU
		{22A5C21F-69EF-4FE5-AC5A-5450E06B49D3}.Release|Any CPU.ActiveCfg = Release|Any CPU
		{22A5C21F-69EF-4FE5-AC5A-5450E06B49D3}.Release|Any CPU.Build.0 = Release|Any CPU
		{09A58B84-B69D-4BA9-AB57-9ECEE7CEAC77}.Debug|Any CPU.ActiveCfg = Debug|Any CPU
		{09A58B84-B69D-4BA9-AB57-9ECEE7CEAC77}.Debug|Any CPU.Build.0 = Debug|Any CPU
		{09A58B84-B69D-4BA9-AB57-9ECEE7CEAC77}.Release|Any CPU.ActiveCfg = Release|Any CPU
		{09A58B84-B69D-4BA9-AB57-9ECEE7CEAC77}.Release|Any CPU.Build.0 = Release|Any CPU
		{E0353356-13F2-4A26-ADB1-B49FCDE2F8E7}.Debug|Any CPU.ActiveCfg = Debug|Any CPU
		{E0353356-13F2-4A26-ADB1-B49FCDE2F8E7}.Debug|Any CPU.Build.0 = Debug|Any CPU
		{E0353356-13F2-4A26-ADB1-B49FCDE2F8E7}.Release|Any CPU.ActiveCfg = Release|Any CPU
		{E0353356-13F2-4A26-ADB1-B49FCDE2F8E7}.Release|Any CPU.Build.0 = Release|Any CPU
		{28D54B1D-78DC-4F71-96A1-F3A0E685FD0F}.Debug|Any CPU.ActiveCfg = Debug|Any CPU
		{28D54B1D-78DC-4F71-96A1-F3A0E685FD0F}.Debug|Any CPU.Build.0 = Debug|Any CPU
		{28D54B1D-78DC-4F71-96A1-F3A0E685FD0F}.Release|Any CPU.ActiveCfg = Release|Any CPU
		{28D54B1D-78DC-4F71-96A1-F3A0E685FD0F}.Release|Any CPU.Build.0 = Release|Any CPU
		{C5603B82-6A58-426A-91BA-B3539C254B06}.Debug|Any CPU.ActiveCfg = Debug|Any CPU
		{C5603B82-6A58-426A-91BA-B3539C254B06}.Debug|Any CPU.Build.0 = Debug|Any CPU
		{C5603B82-6A58-426A-91BA-B3539C254B06}.Release|Any CPU.ActiveCfg = Release|Any CPU
		{C5603B82-6A58-426A-91BA-B3539C254B06}.Release|Any CPU.Build.0 = Release|Any CPU
	EndGlobalSection
	GlobalSection(SolutionProperties) = preSolution
		HideSolutionNode = FALSE
	EndGlobalSection
	GlobalSection(NestedProjects) = preSolution
		{A1FB1C33-4696-4297-BBA4-4D32F6F1F117} = {F7878853-1A62-47A9-AC09-F8FC60397248}
		{26DFEB4E-77C6-4622-A05C-D514B9E54569} = {D1D1FD6E-7C68-4439-A6D6-0D2066DB9A98}
		{FF08575A-D06D-4315-9B19-9574E4995C41} = {1F568AB8-05E0-4D1D-8F13-A204E96861C5}
		{2418B183-D174-4CA7-A7F1-393D8F2E39B2} = {1F568AB8-05E0-4D1D-8F13-A204E96861C5}
		{22A5C21F-69EF-4FE5-AC5A-5450E06B49D3} = {D121FB12-A295-4AF3-83B2-E7DC92D06B53}
		{09A58B84-B69D-4BA9-AB57-9ECEE7CEAC77} = {D121FB12-A295-4AF3-83B2-E7DC92D06B53}
		{E0353356-13F2-4A26-ADB1-B49FCDE2F8E7} = {1F568AB8-05E0-4D1D-8F13-A204E96861C5}
		{28D54B1D-78DC-4F71-96A1-F3A0E685FD0F} = {D1D1FD6E-7C68-4439-A6D6-0D2066DB9A98}
		{C5603B82-6A58-426A-91BA-B3539C254B06} = {1F568AB8-05E0-4D1D-8F13-A204E96861C5}
	EndGlobalSection
	GlobalSection(ExtensibilityGlobals) = postSolution
		SolutionGuid = {20051109-12FA-488B-8DB8-071F296F71B4}
	EndGlobalSection
EndGlobal
